
Microsoft Visual Studio Solution File, Format Version 12.00
# Visual Studio Version 16
VisualStudioVersion = 16.0.31702.278
MinimumVisualStudioVersion = 10.0.40219.1
Project("{FAE04EC0-301F-11D3-BF4B-00C04F79EFBC}") = "ShellApp.UWP", "ShellApp\ShellApp.UWP\ShellApp.UWP.csproj", "{D77D90DF-15B0-48CC-8766-AB636B36097A}"
EndProject
Project("{FAE04EC0-301F-11D3-BF4B-00C04F79EFBC}") = "ShellApp.Android", "ShellApp\ShellApp.Android\ShellApp.Android.csproj", "{D2B79B24-88C8-4076-97B6-AD7B07C7CDFA}"
EndProject
Project("{FAE04EC0-301F-11D3-BF4B-00C04F79EFBC}") = "ShellApp.iOS", "ShellApp\ShellApp.iOS\ShellApp.iOS.csproj", "{89E1D5CB-DD06-452A-BB06-086F5E06544E}"
EndProject
Project("{FAE04EC0-301F-11D3-BF4B-00C04F79EFBC}") = "ShellApp", "ShellApp\ShellApp\ShellApp.csproj", "{7D8D35EA-CFA8-4E87-B4CA-91DF1E7430AC}"
EndProject
Global
	GlobalSection(SolutionConfigurationPlatforms) = preSolution
		Debug|Any CPU = Debug|Any CPU
		Debug|ARM = Debug|ARM
		Debug|iPhone = Debug|iPhone
		Debug|iPhoneSimulator = Debug|iPhoneSimulator
		Debug|x64 = Debug|x64
		Debug|x86 = Debug|x86
		Release|Any CPU = Release|Any CPU
		Release|ARM = Release|ARM
		Release|iPhone = Release|iPhone
		Release|iPhoneSimulator = Release|iPhoneSimulator
		Release|x64 = Release|x64
		Release|x86 = Release|x86
	EndGlobalSection
	GlobalSection(ProjectConfigurationPlatforms) = postSolution
		{D77D90DF-15B0-48CC-8766-AB636B36097A}.Debug|Any CPU.ActiveCfg = Debug|x86
		{D77D90DF-15B0-48CC-8766-AB636B36097A}.Debug|Any CPU.Build.0 = Debug|x86
		{D77D90DF-15B0-48CC-8766-AB636B36097A}.Debug|Any CPU.Deploy.0 = Debug|x86
		{D77D90DF-15B0-48CC-8766-AB636B36097A}.Debug|ARM.ActiveCfg = Debug|ARM
		{D77D90DF-15B0-48CC-8766-AB636B36097A}.Debug|ARM.Build.0 = Debug|ARM
		{D77D90DF-15B0-48CC-8766-AB636B36097A}.Debug|ARM.Deploy.0 = Debug|ARM
		{D77D90DF-15B0-48CC-8766-AB636B36097A}.Debug|iPhone.ActiveCfg = Debug|x86
		{D77D90DF-15B0-48CC-8766-AB636B36097A}.Debug|iPhone.Build.0 = Debug|x86
		{D77D90DF-15B0-48CC-8766-AB636B36097A}.Debug|iPhone.Deploy.0 = Debug|x86
		{D77D90DF-15B0-48CC-8766-AB636B36097A}.Debug|iPhoneSimulator.ActiveCfg = Debug|x86
		{D77D90DF-15B0-48CC-8766-AB636B36097A}.Debug|iPhoneSimulator.Build.0 = Debug|x86
		{D77D90DF-15B0-48CC-8766-AB636B36097A}.Debug|iPhoneSimulator.Deploy.0 = Debug|x86
		{D77D90DF-15B0-48CC-8766-AB636B36097A}.Debug|x64.ActiveCfg = Debug|x64
		{D77D90DF-15B0-48CC-8766-AB636B36097A}.Debug|x64.Build.0 = Debug|x64
		{D77D90DF-15B0-48CC-8766-AB636B36097A}.Debug|x64.Deploy.0 = Debug|x64
		{D77D90DF-15B0-48CC-8766-AB636B36097A}.Debug|x86.ActiveCfg = Debug|x86
		{D77D90DF-15B0-48CC-8766-AB636B36097A}.Debug|x86.Build.0 = Debug|x86
		{D77D90DF-15B0-48CC-8766-AB636B36097A}.Debug|x86.Deploy.0 = Debug|x86
		{D77D90DF-15B0-48CC-8766-AB636B36097A}.Release|Any CPU.ActiveCfg = Release|x86
		{D77D90DF-15B0-48CC-8766-AB636B36097A}.Release|Any CPU.Build.0 = Release|x86
		{D77D90DF-15B0-48CC-8766-AB636B36097A}.Release|Any CPU.Deploy.0 = Release|x86
		{D77D90DF-15B0-48CC-8766-AB636B36097A}.Release|ARM.ActiveCfg = Release|ARM
		{D77D90DF-15B0-48CC-8766-AB636B36097A}.Release|ARM.Build.0 = Release|ARM
		{D77D90DF-15B0-48CC-8766-AB636B36097A}.Release|ARM.Deploy.0 = Release|ARM
		{D77D90DF-15B0-48CC-8766-AB636B36097A}.Release|iPhone.ActiveCfg = Release|x86
		{D77D90DF-15B0-48CC-8766-AB636B36097A}.Release|iPhone.Build.0 = Release|x86
		{D77D90DF-15B0-48CC-8766-AB636B36097A}.Release|iPhone.Deploy.0 = Release|x86
		{D77D90DF-15B0-48CC-8766-AB636B36097A}.Release|iPhoneSimulator.ActiveCfg = Release|x86
		{D77D90DF-15B0-48CC-8766-AB636B36097A}.Release|iPhoneSimulator.Build.0 = Release|x86
		{D77D90DF-15B0-48CC-8766-AB636B36097A}.Release|iPhoneSimulator.Deploy.0 = Release|x86
		{D77D90DF-15B0-48CC-8766-AB636B36097A}.Release|x64.ActiveCfg = Release|x64
		{D77D90DF-15B0-48CC-8766-AB636B36097A}.Release|x64.Build.0 = Release|x64
		{D77D90DF-15B0-48CC-8766-AB636B36097A}.Release|x64.Deploy.0 = Release|x64
		{D77D90DF-15B0-48CC-8766-AB636B36097A}.Release|x86.ActiveCfg = Release|x86
		{D77D90DF-15B0-48CC-8766-AB636B36097A}.Release|x86.Build.0 = Release|x86
		{D77D90DF-15B0-48CC-8766-AB636B36097A}.Release|x86.Deploy.0 = Release|x86
		{D2B79B24-88C8-4076-97B6-AD7B07C7CDFA}.Debug|Any CPU.ActiveCfg = Debug|Any CPU
		{D2B79B24-88C8-4076-97B6-AD7B07C7CDFA}.Debug|Any CPU.Build.0 = Debug|Any CPU
		{D2B79B24-88C8-4076-97B6-AD7B07C7CDFA}.Debug|Any CPU.Deploy.0 = Debug|Any CPU
		{D2B79B24-88C8-4076-97B6-AD7B07C7CDFA}.Debug|ARM.ActiveCfg = Debug|Any CPU
		{D2B79B24-88C8-4076-97B6-AD7B07C7CDFA}.Debug|ARM.Build.0 = Debug|Any CPU
		{D2B79B24-88C8-4076-97B6-AD7B07C7CDFA}.Debug|ARM.Deploy.0 = Debug|Any CPU
		{D2B79B24-88C8-4076-97B6-AD7B07C7CDFA}.Debug|iPhone.ActiveCfg = Debug|Any CPU
		{D2B79B24-88C8-4076-97B6-AD7B07C7CDFA}.Debug|iPhone.Build.0 = Debug|Any CPU
		{D2B79B24-88C8-4076-97B6-AD7B07C7CDFA}.Debug|iPhone.Deploy.0 = Debug|Any CPU
		{D2B79B24-88C8-4076-97B6-AD7B07C7CDFA}.Debug|iPhoneSimulator.ActiveCfg = Debug|Any CPU
		{D2B79B24-88C8-4076-97B6-AD7B07C7CDFA}.Debug|iPhoneSimulator.Build.0 = Debug|Any CPU
		{D2B79B24-88C8-4076-97B6-AD7B07C7CDFA}.Debug|iPhoneSimulator.Deploy.0 = Debug|Any CPU
		{D2B79B24-88C8-4076-97B6-AD7B07C7CDFA}.Debug|x64.ActiveCfg = Debug|Any CPU
		{D2B79B24-88C8-4076-97B6-AD7B07C7CDFA}.Debug|x64.Build.0 = Debug|Any CPU
		{D2B79B24-88C8-4076-97B6-AD7B07C7CDFA}.Debug|x64.Deploy.0 = Debug|Any CPU
		{D2B79B24-88C8-4076-97B6-AD7B07C7CDFA}.Debug|x86.ActiveCfg = Debug|Any CPU
		{D2B79B24-88C8-4076-97B6-AD7B07C7CDFA}.Debug|x86.Build.0 = Debug|Any CPU
		{D2B79B24-88C8-4076-97B6-AD7B07C7CDFA}.Debug|x86.Deploy.0 = Debug|Any CPU
		{D2B79B24-88C8-4076-97B6-AD7B07C7CDFA}.Release|Any CPU.ActiveCfg = Release|Any CPU
		{D2B79B24-88C8-4076-97B6-AD7B07C7CDFA}.Release|Any CPU.Build.0 = Release|Any CPU
		{D2B79B24-88C8-4076-97B6-AD7B07C7CDFA}.Release|Any CPU.Deploy.0 = Release|Any CPU
		{D2B79B24-88C8-4076-97B6-AD7B07C7CDFA}.Release|ARM.ActiveCfg = Release|Any CPU
		{D2B79B24-88C8-4076-97B6-AD7B07C7CDFA}.Release|ARM.Build.0 = Release|Any CPU
		{D2B79B24-88C8-4076-97B6-AD7B07C7CDFA}.Release|ARM.Deploy.0 = Release|Any CPU
		{D2B79B24-88C8-4076-97B6-AD7B07C7CDFA}.Release|iPhone.ActiveCfg = Release|Any CPU
		{D2B79B24-88C8-4076-97B6-AD7B07C7CDFA}.Release|iPhone.Build.0 = Release|Any CPU
		{D2B79B24-88C8-4076-97B6-AD7B07C7CDFA}.Release|iPhone.Deploy.0 = Release|Any CPU
		{D2B79B24-88C8-4076-97B6-AD7B07C7CDFA}.Release|iPhoneSimulator.ActiveCfg = Release|Any CPU
		{D2B79B24-88C8-4076-97B6-AD7B07C7CDFA}.Release|iPhoneSimulator.Build.0 = Release|Any CPU
		{D2B79B24-88C8-4076-97B6-AD7B07C7CDFA}.Release|iPhoneSimulator.Deploy.0 = Release|Any CPU
		{D2B79B24-88C8-4076-97B6-AD7B07C7CDFA}.Release|x64.ActiveCfg = Release|Any CPU
		{D2B79B24-88C8-4076-97B6-AD7B07C7CDFA}.Release|x64.Build.0 = Release|Any CPU
		{D2B79B24-88C8-4076-97B6-AD7B07C7CDFA}.Release|x64.Deploy.0 = Release|Any CPU
		{D2B79B24-88C8-4076-97B6-AD7B07C7CDFA}.Release|x86.ActiveCfg = Release|Any CPU
		{D2B79B24-88C8-4076-97B6-AD7B07C7CDFA}.Release|x86.Build.0 = Release|Any CPU
		{D2B79B24-88C8-4076-97B6-AD7B07C7CDFA}.Release|x86.Deploy.0 = Release|Any CPU
		{89E1D5CB-DD06-452A-BB06-086F5E06544E}.Debug|Any CPU.ActiveCfg = Debug|iPhoneSimulator
		{89E1D5CB-DD06-452A-BB06-086F5E06544E}.Debug|Any CPU.Build.0 = Debug|iPhoneSimulator
		{89E1D5CB-DD06-452A-BB06-086F5E06544E}.Debug|Any CPU.Deploy.0 = Debug|iPhoneSimulator
		{89E1D5CB-DD06-452A-BB06-086F5E06544E}.Debug|ARM.ActiveCfg = Debug|iPhone
		{89E1D5CB-DD06-452A-BB06-086F5E06544E}.Debug|ARM.Build.0 = Debug|iPhone
		{89E1D5CB-DD06-452A-BB06-086F5E06544E}.Debug|ARM.Deploy.0 = Debug|iPhone
		{89E1D5CB-DD06-452A-BB06-086F5E06544E}.Debug|iPhone.ActiveCfg = Debug|iPhone
		{89E1D5CB-DD06-452A-BB06-086F5E06544E}.Debug|iPhone.Build.0 = Debug|iPhone
		{89E1D5CB-DD06-452A-BB06-086F5E06544E}.Debug|iPhone.Deploy.0 = Debug|iPhone
		{89E1D5CB-DD06-452A-BB06-086F5E06544E}.Debug|iPhoneSimulator.ActiveCfg = Debug|iPhoneSimulator
		{89E1D5CB-DD06-452A-BB06-086F5E06544E}.Debug|iPhoneSimulator.Build.0 = Debug|iPhoneSimulator
		{89E1D5CB-DD06-452A-BB06-086F5E06544E}.Debug|iPhoneSimulator.Deploy.0 = Debug|iPhoneSimulator
		{89E1D5CB-DD06-452A-BB06-086F5E06544E}.Debug|x64.ActiveCfg = Debug|iPhoneSimulator
		{89E1D5CB-DD06-452A-BB06-086F5E06544E}.Debug|x64.Build.0 = Debug|iPhoneSimulator
		{89E1D5CB-DD06-452A-BB06-086F5E06544E}.Debug|x64.Deploy.0 = Debug|iPhoneSimulator
		{89E1D5CB-DD06-452A-BB06-086F5E06544E}.Debug|x86.ActiveCfg = Debug|iPhoneSimulator
		{89E1D5CB-DD06-452A-BB06-086F5E06544E}.Debug|x86.Build.0 = Debug|iPhoneSimulator
		{89E1D5CB-DD06-452A-BB06-086F5E06544E}.Debug|x86.Deploy.0 = Debug|iPhoneSimulator
		{89E1D5CB-DD06-452A-BB06-086F5E06544E}.Release|Any CPU.ActiveCfg = Release|iPhoneSimulator
		{89E1D5CB-DD06-452A-BB06-086F5E06544E}.Release|Any CPU.Build.0 = Release|iPhoneSimulator
		{89E1D5CB-DD06-452A-BB06-086F5E06544E}.Release|Any CPU.Deploy.0 = Release|iPhoneSimulator
		{89E1D5CB-DD06-452A-BB06-086F5E06544E}.Release|ARM.ActiveCfg = Release|iPhoneSimulator
		{89E1D5CB-DD06-452A-BB06-086F5E06544E}.Release|ARM.Build.0 = Release|iPhoneSimulator
		{89E1D5CB-DD06-452A-BB06-086F5E06544E}.Release|ARM.Deploy.0 = Release|iPhoneSimulator
		{89E1D5CB-DD06-452A-BB06-086F5E06544E}.Release|iPhone.ActiveCfg = Release|iPhone
		{89E1D5CB-DD06-452A-BB06-086F5E06544E}.Release|iPhone.Build.0 = Release|iPhone
		{89E1D5CB-DD06-452A-BB06-086F5E06544E}.Release|iPhone.Deploy.0 = Release|iPhone
		{89E1D5CB-DD06-452A-BB06-086F5E06544E}.Release|iPhoneSimulator.ActiveCfg = Release|iPhoneSimulator
		{89E1D5CB-DD06-452A-BB06-086F5E06544E}.Release|iPhoneSimulator.Build.0 = Release|iPhoneSimulator
		{89E1D5CB-DD06-452A-BB06-086F5E06544E}.Release|iPhoneSimulator.Deploy.0 = Release|iPhoneSimulator
		{89E1D5CB-DD06-452A-BB06-086F5E06544E}.Release|x64.ActiveCfg = Release|iPhoneSimulator
		{89E1D5CB-DD06-452A-BB06-086F5E06544E}.Release|x64.Build.0 = Release|iPhoneSimulator
		{89E1D5CB-DD06-452A-BB06-086F5E06544E}.Release|x64.Deploy.0 = Release|iPhoneSimulator
		{89E1D5CB-DD06-452A-BB06-086F5E06544E}.Release|x86.ActiveCfg = Release|iPhoneSimulator
		{89E1D5CB-DD06-452A-BB06-086F5E06544E}.Release|x86.Build.0 = Release|iPhoneSimulator
		{89E1D5CB-DD06-452A-BB06-086F5E06544E}.Release|x86.Deploy.0 = Release|iPhoneSimulator
		{7D8D35EA-CFA8-4E87-B4CA-91DF1E7430AC}.Debug|Any CPU.ActiveCfg = Debug|Any CPU
		{7D8D35EA-CFA8-4E87-B4CA-91DF1E7430AC}.Debug|Any CPU.Build.0 = Debug|Any CPU
		{7D8D35EA-CFA8-4E87-B4CA-91DF1E7430AC}.Debug|Any CPU.Deploy.0 = Debug|Any CPU
		{7D8D35EA-CFA8-4E87-B4CA-91DF1E7430AC}.Debug|ARM.ActiveCfg = Debug|Any CPU
		{7D8D35EA-CFA8-4E87-B4CA-91DF1E7430AC}.Debug|ARM.Build.0 = Debug|Any CPU
		{7D8D35EA-CFA8-4E87-B4CA-91DF1E7430AC}.Debug|ARM.Deploy.0 = Debug|Any CPU
		{7D8D35EA-CFA8-4E87-B4CA-91DF1E7430AC}.Debug|iPhone.ActiveCfg = Debug|Any CPU
		{7D8D35EA-CFA8-4E87-B4CA-91DF1E7430AC}.Debug|iPhone.Build.0 = Debug|Any CPU
		{7D8D35EA-CFA8-4E87-B4CA-91DF1E7430AC}.Debug|iPhone.Deploy.0 = Debug|Any CPU
		{7D8D35EA-CFA8-4E87-B4CA-91DF1E7430AC}.Debug|iPhoneSimulator.ActiveCfg = Debug|Any CPU
		{7D8D35EA-CFA8-4E87-B4CA-91DF1E7430AC}.Debug|iPhoneSimulator.Build.0 = Debug|Any CPU
		{7D8D35EA-CFA8-4E87-B4CA-91DF1E7430AC}.Debug|iPhoneSimulator.Deploy.0 = Debug|Any CPU
		{7D8D35EA-CFA8-4E87-B4CA-91DF1E7430AC}.Debug|x64.ActiveCfg = Debug|Any CPU
		{7D8D35EA-CFA8-4E87-B4CA-91DF1E7430AC}.Debug|x64.Build.0 = Debug|Any CPU
		{7D8D35EA-CFA8-4E87-B4CA-91DF1E7430AC}.Debug|x64.Deploy.0 = Debug|Any CPU
		{7D8D35EA-CFA8-4E87-B4CA-91DF1E7430AC}.Debug|x86.ActiveCfg = Debug|Any CPU
		{7D8D35EA-CFA8-4E87-B4CA-91DF1E7430AC}.Debug|x86.Build.0 = Debug|Any CPU
		{7D8D35EA-CFA8-4E87-B4CA-91DF1E7430AC}.Debug|x86.Deploy.0 = Debug|Any CPU
		{7D8D35EA-CFA8-4E87-B4CA-91DF1E7430AC}.Release|Any CPU.ActiveCfg = Release|Any CPU
		{7D8D35EA-CFA8-4E87-B4CA-91DF1E7430AC}.Release|Any CPU.Build.0 = Release|Any CPU
		{7D8D35EA-CFA8-4E87-B4CA-91DF1E7430AC}.Release|Any CPU.Deploy.0 = Release|Any CPU
		{7D8D35EA-CFA8-4E87-B4CA-91DF1E7430AC}.Release|ARM.ActiveCfg = Release|Any CPU
		{7D8D35EA-CFA8-4E87-B4CA-91DF1E7430AC}.Release|ARM.Build.0 = Release|Any CPU
		{7D8D35EA-CFA8-4E87-B4CA-91DF1E7430AC}.Release|ARM.Deploy.0 = Release|Any CPU
		{7D8D35EA-CFA8-4E87-B4CA-91DF1E7430AC}.Release|iPhone.ActiveCfg = Release|Any CPU
		{7D8D35EA-CFA8-4E87-B4CA-91DF1E7430AC}.Release|iPhone.Build.0 = Release|Any CPU
		{7D8D35EA-CFA8-4E87-B4CA-91DF1E7430AC}.Release|iPhone.Deploy.0 = Release|Any CPU
		{7D8D35EA-CFA8-4E87-B4CA-91DF1E7430AC}.Release|iPhoneSimulator.ActiveCfg = Release|Any CPU
		{7D8D35EA-CFA8-4E87-B4CA-91DF1E7430AC}.Release|iPhoneSimulator.Build.0 = Release|Any CPU
		{7D8D35EA-CFA8-4E87-B4CA-91DF1E7430AC}.Release|iPhoneSimulator.Deploy.0 = Release|Any CPU
		{7D8D35EA-CFA8-4E87-B4CA-91DF1E7430AC}.Release|x64.ActiveCfg = Release|Any CPU
		{7D8D35EA-CFA8-4E87-B4CA-91DF1E7430AC}.Release|x64.Build.0 = Release|Any CPU
		{7D8D35EA-CFA8-4E87-B4CA-91DF1E7430AC}.Release|x64.Deploy.0 = Release|Any CPU
		{7D8D35EA-CFA8-4E87-B4CA-91DF1E7430AC}.Release|x86.ActiveCfg = Release|Any CPU
		{7D8D35EA-CFA8-4E87-B4CA-91DF1E7430AC}.Release|x86.Build.0 = Release|Any CPU
		{7D8D35EA-CFA8-4E87-B4CA-91DF1E7430AC}.Release|x86.Deploy.0 = Release|Any CPU
	EndGlobalSection
	GlobalSection(SolutionProperties) = preSolution
		HideSolutionNode = FALSE
	EndGlobalSection
	GlobalSection(ExtensibilityGlobals) = postSolution
		SolutionGuid = {D7F3A90A-6E73-4ABE-8E18-E290CA878774}
	EndGlobalSection
EndGlobal
